<?xml version="1.0" encoding="UTF-8"?>
<Scheme
   version = "1.3">
   <BuildAction>
      <BuildActionEntries>
         <BuildActionEntry
            buildForRunning = "YES">
            <BuildableReference
               BuildableIdentifier = "primary"
               BlueprintIdentifier = "D24B7E6A18B3E6A9000A1798"
               BuildableName = "BORSwipableCellExample.app"
               BlueprintName = "BORSwipableCellExample"
               ReferencedContainer = "container:BORSwipableCellExample.xcodeproj">
            </BuildableReference>
         </BuildActionEntry>
      </BuildActionEntries>
   </BuildAction>
   <LaunchAction
      useCustomWorkingDirectory = "NO"
      buildConfiguration = "Debug">
      <BuildableProductRunnable>
         <BuildableReference
            BuildableIdentifier = "primary"
            BlueprintIdentifier = "D24B7E6A18B3E6A9000A1798"
            BuildableName = "BORSwipableCellExample.app"
            BlueprintName = "BORSwipableCellExample"
            ReferencedContainer = "container:BORSwipableCellExample.xcodeproj">
         </BuildableReference>
      </BuildableProductRunnable>
   </LaunchAction>
</Scheme>
